
Microsoft Visual Studio Solution File, Format Version 12.00
# Visual Studio Version 17
VisualStudioVersion = 17.2.32516.85
MinimumVisualStudioVersion = 10.0.40219.1
Project("{FAE04EC0-301F-11D3-BF4B-00C04F79EFBC}") = "TrackerLibrary", "TrackerLibrary\TrackerLibrary.csproj", "{948713B2-A76E-467C-8227-42AB253C3487}"
EndProject
Project("{FAE04EC0-301F-11D3-BF4B-00C04F79EFBC}") = "TrackerUI", "TrackerUI\TrackerUI.csproj", "{FE855D86-BFFF-4534-A1FA-51D8352E25FB}"
EndProject
Global
	GlobalSection(SolutionConfigurationPlatforms) = preSolution
		Debug|Any CPU = Debug|Any CPU
		Release|Any CPU = Release|Any CPU
	EndGlobalSection
	GlobalSection(ProjectConfigurationPlatforms) = postSolution
		{948713B2-A76E-467C-8227-42AB253C3487}.Debug|Any CPU.ActiveCfg = Debug|Any CPU
		{948713B2-A76E-467C-8227-42AB253C3487}.Debug|Any CPU.Build.0 = Debug|Any CPU
		{948713B2-A76E-467C-8227-42AB253C3487}.Release|Any CPU.ActiveCfg = Release|Any CPU
		{948713B2-A76E-467C-8227-42AB253C3487}.Release|Any CPU.Build.0 = Release|Any CPU
		{FE855D86-BFFF-4534-A1FA-51D8352E25FB}.Debug|Any CPU.ActiveCfg = Debug|Any CPU
		{FE855D86-BFFF-4534-A1FA-51D8352E25FB}.Debug|Any CPU.Build.0 = Debug|Any CPU
		{FE855D86-BFFF-4534-A1FA-51D8352E25FB}.Release|Any CPU.ActiveCfg = Release|Any CPU
		{FE855D86-BFFF-4534-A1FA-51D8352E25FB}.Release|Any CPU.Build.0 = Release|Any CPU
	EndGlobalSection
	GlobalSection(SolutionProperties) = preSolution
		HideSolutionNode = FALSE
	EndGlobalSection
	GlobalSection(ExtensibilityGlobals) = postSolution
		SolutionGuid = {33B8BD12-B269-4F19-84DE-B3CD9B2B8B62}
	EndGlobalSection
EndGlobal
